
Microsoft Visual Studio Solution File, Format Version 12.00
# Visual Studio 15
VisualStudioVersion = 15.0.28307.421
MinimumVisualStudioVersion = 10.0.40219.1
Project("{FAE04EC0-301F-11D3-BF4B-00C04F79EFBC}") = "spotlight-technical-test", "spotlight-technical-test\spotlight-technical-test.csproj", "{64B58B53-956C-4DBC-9212-C4BB6F149D41}"
EndProject
Global
	GlobalSection(SolutionConfigurationPlatforms) = preSolution
		Debug|Any CPU = Debug|Any CPU
		Release|Any CPU = Release|Any CPU
	EndGlobalSection
	GlobalSection(ProjectConfigurationPlatforms) = postSolution
		{64B58B53-956C-4DBC-9212-C4BB6F149D41}.Debug|Any CPU.ActiveCfg = Debug|Any CPU
		{64B58B53-956C-4DBC-9212-C4BB6F149D41}.Debug|Any CPU.Build.0 = Debug|Any CPU
		{64B58B53-956C-4DBC-9212-C4BB6F149D41}.Release|Any CPU.ActiveCfg = Release|Any CPU
		{64B58B53-956C-4DBC-9212-C4BB6F149D41}.Release|Any CPU.Build.0 = Release|Any CPU
	EndGlobalSection
	GlobalSection(SolutionProperties) = preSolution
		HideSolutionNode = FALSE
	EndGlobalSection
	GlobalSection(ExtensibilityGlobals) = postSolution
		SolutionGuid = {418E2AE9-6BF8-4381-9A55-063477F97101}
	EndGlobalSection
EndGlobal
